
Microsoft Visual Studio Solution File, Format Version 12.00
# Visual Studio Version 17
VisualStudioVersion = 17.3.32804.467
MinimumVisualStudioVersion = 10.0.40219.1
Project("{FAE04EC0-301F-11D3-BF4B-00C04F79EFBC}") = "ConsoleTests", "ConsoleTests\ConsoleTests.csproj", "{C529D0CE-6F1E-48E6-B6C2-8C31F81B7836}"
EndProject
Global
	GlobalSection(SolutionConfigurationPlatforms) = preSolution
		Debug|Any CPU = Debug|Any CPU
		Release|Any CPU = Release|Any CPU
	EndGlobalSection
	GlobalSection(ProjectConfigurationPlatforms) = postSolution
		{C529D0CE-6F1E-48E6-B6C2-8C31F81B7836}.Debug|Any CPU.ActiveCfg = Debug|Any CPU
		{C529D0CE-6F1E-48E6-B6C2-8C31F81B7836}.Debug|Any CPU.Build.0 = Debug|Any CPU
		{C529D0CE-6F1E-48E6-B6C2-8C31F81B7836}.Release|Any CPU.ActiveCfg = Release|Any CPU
		{C529D0CE-6F1E-48E6-B6C2-8C31F81B7836}.Release|Any CPU.Build.0 = Release|Any CPU
	EndGlobalSection
	GlobalSection(SolutionProperties) = preSolution
		HideSolutionNode = FALSE
	EndGlobalSection
	GlobalSection(ExtensibilityGlobals) = postSolution
		SolutionGuid = {12985033-CE89-4FB6-B0E4-D226B0DF35FA}
	EndGlobalSection
EndGlobal
